{
  "name": "typescriptapp",
  "version": "1.0.0",
  "lockfileVersion": 1,
  "requires": true,
  "dependencies": {
    "@types/lodash": {
      "version": "4.14.102",
      "resolved": "https://registry.npmjs.org/@types/lodash/-/lodash-4.14.102.tgz",
      "integrity": "sha512-k/SxycYmVc6sYo6kzm8cABHcbMs9MXn6jYsja1hLvZ/x9e31VHRRn+1UzWdpv6doVchphvKaOsZ0VTqbF7zvNg=="
    },
    "lodash": {
      "version": "4.17.5",
      "resolved": "https://registry.npmjs.org/lodash/-/lodash-4.17.5.tgz",
      "integrity": "sha512-svL3uiZf1RwhH+cWrfZn3A4+U58wbP0tGVTLQPbjplZxZ8ROD9VLuNgsRniTlLe7OlSqR79RUehXgpBW/s0IQw=="
    }
  }
}
